
Microsoft Visual Studio Solution File, Format Version 12.00
# Visual Studio 15
VisualStudioVersion = 15.0.28010.0
MinimumVisualStudioVersion = 10.0.40219.1
Project("{FAE04EC0-301F-11D3-BF4B-00C04F79EFBC}") = "Parcial2", "Parcial2\Parcial2.csproj", "{83A7E915-EB01-4128-811A-78BE71F933C7}"
EndProject
Global
	GlobalSection(SolutionConfigurationPlatforms) = preSolution
		Debug|Any CPU = Debug|Any CPU
		Release|Any CPU = Release|Any CPU
	EndGlobalSection
	GlobalSection(ProjectConfigurationPlatforms) = postSolution
		{83A7E915-EB01-4128-811A-78BE71F933C7}.Debug|Any CPU.ActiveCfg = Debug|Any CPU
		{83A7E915-EB01-4128-811A-78BE71F933C7}.Debug|Any CPU.Build.0 = Debug|Any CPU
		{83A7E915-EB01-4128-811A-78BE71F933C7}.Release|Any CPU.ActiveCfg = Release|Any CPU
		{83A7E915-EB01-4128-811A-78BE71F933C7}.Release|Any CPU.Build.0 = Release|Any CPU
	EndGlobalSection
	GlobalSection(SolutionProperties) = preSolution
		HideSolutionNode = FALSE
	EndGlobalSection
	GlobalSection(ExtensibilityGlobals) = postSolution
		SolutionGuid = {276FE234-371F-4D09-BC91-16A9908AC3B2}
	EndGlobalSection
EndGlobal
