
Microsoft Visual Studio Solution File, Format Version 12.00
# Visual Studio 15
VisualStudioVersion = 15.0.28010.0
MinimumVisualStudioVersion = 10.0.40219.1
Project("{FAE04EC0-301F-11D3-BF4B-00C04F79EFBC}") = "ParcialFinal", "ParcialFinal\ParcialFinal.csproj", "{916CA145-1FEB-4646-AAD7-ADF778E66529}"
EndProject
Global
	GlobalSection(SolutionConfigurationPlatforms) = preSolution
		Debug|Any CPU = Debug|Any CPU
		Release|Any CPU = Release|Any CPU
	EndGlobalSection
	GlobalSection(ProjectConfigurationPlatforms) = postSolution
		{916CA145-1FEB-4646-AAD7-ADF778E66529}.Debug|Any CPU.ActiveCfg = Debug|Any CPU
		{916CA145-1FEB-4646-AAD7-ADF778E66529}.Debug|Any CPU.Build.0 = Debug|Any CPU
		{916CA145-1FEB-4646-AAD7-ADF778E66529}.Release|Any CPU.ActiveCfg = Release|Any CPU
		{916CA145-1FEB-4646-AAD7-ADF778E66529}.Release|Any CPU.Build.0 = Release|Any CPU
	EndGlobalSection
	GlobalSection(SolutionProperties) = preSolution
		HideSolutionNode = FALSE
	EndGlobalSection
	GlobalSection(ExtensibilityGlobals) = postSolution
		SolutionGuid = {BE382473-6EE3-4650-B5D7-779C61655BFA}
	EndGlobalSection
EndGlobal
